// !$*UTF8*$!
{
	archiveVersion = 1;
	classes = {
	};
	objectVersion = 77;
	objects = {

/* Begin PBXBuildFile section */
		0141497F0D32BC05C8BB0091 /* GuidedBoxMeasurementTests.swift in Sources */ = {isa = PBXBuildFile; fileRef = AE9A446CAB13BE0B780048E1 /* GuidedBoxMeasurementTests.swift */; };
		0998BB49CF34380BDAAFF37E /* TargetLock.swift in Sources */ = {isa = PBXBuildFile; fileRef = D1FD36B27E413AA99055CB3E /* TargetLock.swift */; };
		09B7FEF948AAD6D288F89342 /* MeasurementEstimatorTests.swift in Sources */ = {isa = PBXBuildFile; fileRef = 0BEC26224D7E1CD00B41CDF5 /* MeasurementEstimatorTests.swift */; };
		0A2EDE96AA8A58C7E6E2F0A0 /* TargetLockFrameValidation.swift in Sources */ = {isa = PBXBuildFile; fileRef = 69219302EBBBE2A09187AD59 /* TargetLockFrameValidation.swift */; };
		0C12718BED3478DDF2846719 /* ManualEntryView.swift in Sources */ = {isa = PBXBuildFile; fileRef = 3D4A5310F76E7632DEA4C529 /* ManualEntryView.swift */; };
		13855B2BFED482DBF1472A02 /* PhotoRigidItemMultiplicityGuard.swift in Sources */ = {isa = PBXBuildFile; fileRef = 794FA5965F3F52912B316BA7 /* PhotoRigidItemMultiplicityGuard.swift */; };
		23B04DCD21AD16AA858727A7 /* CrowdedSceneScannerCopyTests.swift in Sources */ = {isa = PBXBuildFile; fileRef = 35F790361B7F4DCB86144CDD /* CrowdedSceneScannerCopyTests.swift */; };
		24CD468E2F570CF8B84E5789 /* TargetLockFailureIntegrationTests.swift in Sources */ = {isa = PBXBuildFile; fileRef = 0C6E548E7BEE68145D8AF56D /* TargetLockFailureIntegrationTests.swift */; };
		30BBD6FD335F3F0136F0B5BE /* GravityAlignedBoundingBoxEstimatorTests.swift in Sources */ = {isa = PBXBuildFile; fileRef = 01DA76636D28E2A195DBE9FC /* GravityAlignedBoundingBoxEstimatorTests.swift */; };
		36DBA15AB0F050325DAEABCF /* DepthRegionSegmenter.swift in Sources */ = {isa = PBXBuildFile; fileRef = AFE446F73A1491E55F2738CE /* DepthRegionSegmenter.swift */; };
		3A924383405EB0C753BF58A1 /* TargetSelectionIntegrationTests.swift in Sources */ = {isa = PBXBuildFile; fileRef = 5349B6BAD5E7920E5A7ABE74 /* TargetSelectionIntegrationTests.swift */; };
		3D0B36D28510CAD37D056EE5 /* PackMeasureTests.swift in Sources */ = {isa = PBXBuildFile; fileRef = A95C05B5C8AAFBFBE93F5F88 /* PackMeasureTests.swift */; };
		42AD551A4A6F786DDA2A25F6 /* PhotoObjectMeasurementTests.swift in Sources */ = {isa = PBXBuildFile; fileRef = 53B7914EAEB1EDE13DA87022 /* PhotoObjectMeasurementTests.swift */; };
		505B39CB31D0CC5449424178 /* ScannerSheetView.swift in Sources */ = {isa = PBXBuildFile; fileRef = 84DFB60E2C6A4BA85E8C1AA0 /* ScannerSheetView.swift */; };
		5108F38EA742072EDA5538BB /* MeasurementMath.swift in Sources */ = {isa = PBXBuildFile; fileRef = 5A6E5BC93C71F94AB333A1BF /* MeasurementMath.swift */; };
		53E91AADA18D60E722530171 /* PackingPlanner.swift in Sources */ = {isa = PBXBuildFile; fileRef = ACE91F472F72AC07FEC8432F /* PackingPlanner.swift */; };
		5E0B34A313A28EA94D945649 /* ScannerCapturePolicyTests.swift in Sources */ = {isa = PBXBuildFile; fileRef = 87791FBEF3FF3863B53EF421 /* ScannerCapturePolicyTests.swift */; };
		5E9AA3639748D36667D1C43C /* AppModel.swift in Sources */ = {isa = PBXBuildFile; fileRef = 0CF21F67461D439CFC0A0C93 /* AppModel.swift */; };
		5EB0FD3A212C404E7D6765E7 /* ScannerTargetProjection.swift in Sources */ = {isa = PBXBuildFile; fileRef = EFC2C247D8D005E9F20D3D31 /* ScannerTargetProjection.swift */; };
		5F68845EACD6F3268807135E /* PhotoObjectMeasurement.swift in Sources */ = {isa = PBXBuildFile; fileRef = 790431810A5597537D5F330C /* PhotoObjectMeasurement.swift */; };
		63ED8F2D2AA20E138544E34C /* AppModelInventoryTests.swift in Sources */ = {isa = PBXBuildFile; fileRef = F1B053787D5054BAAEE243C1 /* AppModelInventoryTests.swift */; };
		649D27BD2AC2B2A76BE517DC /* GuidedBoxWorkflow.swift in Sources */ = {isa = PBXBuildFile; fileRef = 6C32970059157769F21557D7 /* GuidedBoxWorkflow.swift */; };
		6F4851E6263801CC3EE55EB6 /* Assets.xcassets in Resources */ = {isa = PBXBuildFile; fileRef = B55DECA1C7432025218A0B8B /* Assets.xcassets */; };
		7209CA6F8F01E61291C59272 /* PhotoRigidItemMultiplicityGuardTests.swift in Sources */ = {isa = PBXBuildFile; fileRef = 5E80BC43F70739A5A94D60D9 /* PhotoRigidItemMultiplicityGuardTests.swift */; };
		72B2BD9B3F2229A3E60FD7C9 /* MeasurementEstimator.swift in Sources */ = {isa = PBXBuildFile; fileRef = D1FDBE8DEE3F3C0C88A2B2D8 /* MeasurementEstimator.swift */; };
		87759A4113E1DE288FDD8AB7 /* TargetLockTests.swift in Sources */ = {isa = PBXBuildFile; fileRef = CB57A76391FA481635F4749F /* TargetLockTests.swift */; };
		8AD56996B4FAC128B09E64BA /* HomeView.swift in Sources */ = {isa = PBXBuildFile; fileRef = 77EE721A9A7420432B19066B /* HomeView.swift */; };
		90F793A156AD8C3BCCD46175 /* GuidedBoxCaptureSession.swift in Sources */ = {isa = PBXBuildFile; fileRef = 961BDEF98B3781473174BC5A /* GuidedBoxCaptureSession.swift */; };
		91AD755F1BCD2E4F9302040A /* GuidedBoxMeasurement.swift in Sources */ = {isa = PBXBuildFile; fileRef = D6C55F1052A5849E765D593B /* GuidedBoxMeasurement.swift */; };
		948887BBF3D249A4522DDB48 /* ScannerCameraZoomTests.swift in Sources */ = {isa = PBXBuildFile; fileRef = 5EF900F501945DF4F2CBD830 /* ScannerCameraZoomTests.swift */; };
		9ACAC0C2DE532E56CF9C8912 /* PackMeasureApp.swift in Sources */ = {isa = PBXBuildFile; fileRef = 4D518452488C8F3B0C8FACA8 /* PackMeasureApp.swift */; };
		9BEDDCCAB0B572616A1BE54E /* ManualEntryTests.swift in Sources */ = {isa = PBXBuildFile; fileRef = 96CE46D4CD43343EBB49FF22 /* ManualEntryTests.swift */; };
		9C825739E009739E0C6D92F7 /* SingleShotObjectMeasurementTests.swift in Sources */ = {isa = PBXBuildFile; fileRef = 35CC0B9C38D98D8F0A49EDD3 /* SingleShotObjectMeasurementTests.swift */; };
		9D2E80DD19A13FA9C3143DC2 /* GuidedBoxWorkflowTests.swift in Sources */ = {isa = PBXBuildFile; fileRef = 1AA05B83704FCB14040623FB /* GuidedBoxWorkflowTests.swift */; };
		A720D5AAF27EB5F337F4A187 /* TargetLockFrameValidationTests.swift in Sources */ = {isa = PBXBuildFile; fileRef = 072DD19BDDC569526BD4D6C1 /* TargetLockFrameValidationTests.swift */; };
		AFA54B21D376DF7B453E6AA6 /* SingleShotObjectMeasurement.swift in Sources */ = {isa = PBXBuildFile; fileRef = DA64797949F43B846C4EDD69 /* SingleShotObjectMeasurement.swift */; };
		B39AADAB17187469145C4D4A /* GeometryModels.swift in Sources */ = {isa = PBXBuildFile; fileRef = 5E7680F43D417158C818E786 /* GeometryModels.swift */; };
		B4AD52C415CCBB88280E366C /* GravityAlignedBoundingBoxEstimator.swift in Sources */ = {isa = PBXBuildFile; fileRef = 217FC74C59206B041DFB1042 /* GravityAlignedBoundingBoxEstimator.swift */; };
		BE270DB88FCD1C7E7E0D8E55 /* GuidedBoxCaptureSessionTests.swift in Sources */ = {isa = PBXBuildFile; fileRef = BBC72194BFCDC43AE94CAA34 /* GuidedBoxCaptureSessionTests.swift */; };
		C65D41867508C7250DFFCF99 /* RootPlaceholderView.swift in Sources */ = {isa = PBXBuildFile; fileRef = B9E081672C02985D42710156 /* RootPlaceholderView.swift */; };
		C8136BC099CE8509D7A85305 /* MeasuredItem.swift in Sources */ = {isa = PBXBuildFile; fileRef = CED5108414CFCAEB40DF57B3 /* MeasuredItem.swift */; };
		CC0218C6FD04167826F2EDC3 /* DepthRegionSegmenterTests.swift in Sources */ = {isa = PBXBuildFile; fileRef = C14B613C8CDA24C77CB2EDC9 /* DepthRegionSegmenterTests.swift */; };
		DFC589F73318DFDF2A834553 /* PackingVehicles.swift in Sources */ = {isa = PBXBuildFile; fileRef = 0037980CC25246BD96274DD7 /* PackingVehicles.swift */; };
		E481A09E4252F3209E588661 /* PackingPlannerTests.swift in Sources */ = {isa = PBXBuildFile; fileRef = 3E719F590D3FE9941D195518 /* PackingPlannerTests.swift */; };
		F78E0F38BDC44E3CBE11ABC5 /* PackingModels.swift in Sources */ = {isa = PBXBuildFile; fileRef = 6E12DBF221D2E3F67479FE70 /* PackingModels.swift */; };
		FECF4963AE2114674A0CC66B /* MeasurementARView.swift in Sources */ = {isa = PBXBuildFile; fileRef = A913CFFAAADC0687F83660C2 /* MeasurementARView.swift */; };
		FEF5BA8AADA1DCA7C9A86C38 /* InventoryStore.swift in Sources */ = {isa = PBXBuildFile; fileRef = 50D2EE7F2FC2C52291CB68A3 /* InventoryStore.swift */; };
/* End PBXBuildFile section */

/* Begin PBXContainerItemProxy section */
		A35D99625D88FF8EA9DD1DBB /* PBXContainerItemProxy */ = {
			isa = PBXContainerItemProxy;
			containerPortal = BA02E56820D98FFEBDC69250 /* Project object */;
			proxyType = 1;
			remoteGlobalIDString = A7F71C84CC6B097693872246;
			remoteInfo = PackMeasure;
		};
/* End PBXContainerItemProxy section */

/* Begin PBXFileReference section */
		0037980CC25246BD96274DD7 /* PackingVehicles.swift */ = {isa = PBXFileReference; lastKnownFileType = sourcecode.swift; path = PackingVehicles.swift; sourceTree = "<group>"; };
		01DA76636D28E2A195DBE9FC /* GravityAlignedBoundingBoxEstimatorTests.swift */ = {isa = PBXFileReference; lastKnownFileType = sourcecode.swift; path = GravityAlignedBoundingBoxEstimatorTests.swift; sourceTree = "<group>"; };
		072DD19BDDC569526BD4D6C1 /* TargetLockFrameValidationTests.swift */ = {isa = PBXFileReference; lastKnownFileType = sourcecode.swift; path = TargetLockFrameValidationTests.swift; sourceTree = "<group>"; };
		0BEC26224D7E1CD00B41CDF5 /* MeasurementEstimatorTests.swift */ = {isa = PBXFileReference; lastKnownFileType = sourcecode.swift; path = MeasurementEstimatorTests.swift; sourceTree = "<group>"; };
		0C6E548E7BEE68145D8AF56D /* TargetLockFailureIntegrationTests.swift */ = {isa = PBXFileReference; lastKnownFileType = sourcecode.swift; path = TargetLockFailureIntegrationTests.swift; sourceTree = "<group>"; };
		0CF21F67461D439CFC0A0C93 /* AppModel.swift */ = {isa = PBXFileReference; lastKnownFileType = sourcecode.swift; path = AppModel.swift; sourceTree = "<group>"; };
		1AA05B83704FCB14040623FB /* GuidedBoxWorkflowTests.swift */ = {isa = PBXFileReference; lastKnownFileType = sourcecode.swift; path = GuidedBoxWorkflowTests.swift; sourceTree = "<group>"; };
		217FC74C59206B041DFB1042 /* GravityAlignedBoundingBoxEstimator.swift */ = {isa = PBXFileReference; lastKnownFileType = sourcecode.swift; path = GravityAlignedBoundingBoxEstimator.swift; sourceTree = "<group>"; };
		35CC0B9C38D98D8F0A49EDD3 /* SingleShotObjectMeasurementTests.swift */ = {isa = PBXFileReference; lastKnownFileType = sourcecode.swift; path = SingleShotObjectMeasurementTests.swift; sourceTree = "<group>"; };
		35F790361B7F4DCB86144CDD /* CrowdedSceneScannerCopyTests.swift */ = {isa = PBXFileReference; lastKnownFileType = sourcecode.swift; path = CrowdedSceneScannerCopyTests.swift; sourceTree = "<group>"; };
		3D4A5310F76E7632DEA4C529 /* ManualEntryView.swift */ = {isa = PBXFileReference; lastKnownFileType = sourcecode.swift; path = ManualEntryView.swift; sourceTree = "<group>"; };
		3E719F590D3FE9941D195518 /* PackingPlannerTests.swift */ = {isa = PBXFileReference; lastKnownFileType = sourcecode.swift; path = PackingPlannerTests.swift; sourceTree = "<group>"; };
		4D518452488C8F3B0C8FACA8 /* PackMeasureApp.swift */ = {isa = PBXFileReference; lastKnownFileType = sourcecode.swift; path = PackMeasureApp.swift; sourceTree = "<group>"; };
		50D2EE7F2FC2C52291CB68A3 /* InventoryStore.swift */ = {isa = PBXFileReference; lastKnownFileType = sourcecode.swift; path = InventoryStore.swift; sourceTree = "<group>"; };
		52BB0CB149BC91BF0DCF45E5 /* PackMeasure.app */ = {isa = PBXFileReference; includeInIndex = 0; lastKnownFileType = wrapper.application; path = PackMeasure.app; sourceTree = BUILT_PRODUCTS_DIR; };
		5349B6BAD5E7920E5A7ABE74 /* TargetSelectionIntegrationTests.swift */ = {isa = PBXFileReference; lastKnownFileType = sourcecode.swift; path = TargetSelectionIntegrationTests.swift; sourceTree = "<group>"; };
		53B7914EAEB1EDE13DA87022 /* PhotoObjectMeasurementTests.swift */ = {isa = PBXFileReference; lastKnownFileType = sourcecode.swift; path = PhotoObjectMeasurementTests.swift; sourceTree = "<group>"; };
		5A6E5BC93C71F94AB333A1BF /* MeasurementMath.swift */ = {isa = PBXFileReference; lastKnownFileType = sourcecode.swift; path = MeasurementMath.swift; sourceTree = "<group>"; };
		5E7680F43D417158C818E786 /* GeometryModels.swift */ = {isa = PBXFileReference; lastKnownFileType = sourcecode.swift; path = GeometryModels.swift; sourceTree = "<group>"; };
		5E80BC43F70739A5A94D60D9 /* PhotoRigidItemMultiplicityGuardTests.swift */ = {isa = PBXFileReference; lastKnownFileType = sourcecode.swift; path = PhotoRigidItemMultiplicityGuardTests.swift; sourceTree = "<group>"; };
		5ED8ABA37AF0157830862257 /* PackMeasureTests.xctest */ = {isa = PBXFileReference; includeInIndex = 0; lastKnownFileType = wrapper.cfbundle; path = PackMeasureTests.xctest; sourceTree = BUILT_PRODUCTS_DIR; };
		5EF900F501945DF4F2CBD830 /* ScannerCameraZoomTests.swift */ = {isa = PBXFileReference; lastKnownFileType = sourcecode.swift; path = ScannerCameraZoomTests.swift; sourceTree = "<group>"; };
		69219302EBBBE2A09187AD59 /* TargetLockFrameValidation.swift */ = {isa = PBXFileReference; lastKnownFileType = sourcecode.swift; path = TargetLockFrameValidation.swift; sourceTree = "<group>"; };
		6C32970059157769F21557D7 /* GuidedBoxWorkflow.swift */ = {isa = PBXFileReference; lastKnownFileType = sourcecode.swift; path = GuidedBoxWorkflow.swift; sourceTree = "<group>"; };
		6E12DBF221D2E3F67479FE70 /* PackingModels.swift */ = {isa = PBXFileReference; lastKnownFileType = sourcecode.swift; path = PackingModels.swift; sourceTree = "<group>"; };
		720B306F033EEFA5D3D7BADE /* Info.plist */ = {isa = PBXFileReference; lastKnownFileType = text.plist; path = Info.plist; sourceTree = "<group>"; };
		77EE721A9A7420432B19066B /* HomeView.swift */ = {isa = PBXFileReference; lastKnownFileType = sourcecode.swift; path = HomeView.swift; sourceTree = "<group>"; };
		790431810A5597537D5F330C /* PhotoObjectMeasurement.swift */ = {isa = PBXFileReference; lastKnownFileType = sourcecode.swift; path = PhotoObjectMeasurement.swift; sourceTree = "<group>"; };
		794FA5965F3F52912B316BA7 /* PhotoRigidItemMultiplicityGuard.swift */ = {isa = PBXFileReference; lastKnownFileType = sourcecode.swift; path = PhotoRigidItemMultiplicityGuard.swift; sourceTree = "<group>"; };
		84DFB60E2C6A4BA85E8C1AA0 /* ScannerSheetView.swift */ = {isa = PBXFileReference; lastKnownFileType = sourcecode.swift; path = ScannerSheetView.swift; sourceTree = "<group>"; };
		87791FBEF3FF3863B53EF421 /* ScannerCapturePolicyTests.swift */ = {isa = PBXFileReference; lastKnownFileType = sourcecode.swift; path = ScannerCapturePolicyTests.swift; sourceTree = "<group>"; };
		961BDEF98B3781473174BC5A /* GuidedBoxCaptureSession.swift */ = {isa = PBXFileReference; lastKnownFileType = sourcecode.swift; path = GuidedBoxCaptureSession.swift; sourceTree = "<group>"; };
		96CE46D4CD43343EBB49FF22 /* ManualEntryTests.swift */ = {isa = PBXFileReference; lastKnownFileType = sourcecode.swift; path = ManualEntryTests.swift; sourceTree = "<group>"; };
		A913CFFAAADC0687F83660C2 /* MeasurementARView.swift */ = {isa = PBXFileReference; lastKnownFileType = sourcecode.swift; path = MeasurementARView.swift; sourceTree = "<group>"; };
		A95C05B5C8AAFBFBE93F5F88 /* PackMeasureTests.swift */ = {isa = PBXFileReference; lastKnownFileType = sourcecode.swift; path = PackMeasureTests.swift; sourceTree = "<group>"; };
		ACE91F472F72AC07FEC8432F /* PackingPlanner.swift */ = {isa = PBXFileReference; lastKnownFileType = sourcecode.swift; path = PackingPlanner.swift; sourceTree = "<group>"; };
		AE9A446CAB13BE0B780048E1 /* GuidedBoxMeasurementTests.swift */ = {isa = PBXFileReference; lastKnownFileType = sourcecode.swift; path = GuidedBoxMeasurementTests.swift; sourceTree = "<group>"; };
		AFE446F73A1491E55F2738CE /* DepthRegionSegmenter.swift */ = {isa = PBXFileReference; lastKnownFileType = sourcecode.swift; path = DepthRegionSegmenter.swift; sourceTree = "<group>"; };
		B55DECA1C7432025218A0B8B /* Assets.xcassets */ = {isa = PBXFileReference; lastKnownFileType = folder.assetcatalog; path = Assets.xcassets; sourceTree = "<group>"; };
		B9E081672C02985D42710156 /* RootPlaceholderView.swift */ = {isa = PBXFileReference; lastKnownFileType = sourcecode.swift; path = RootPlaceholderView.swift; sourceTree = "<group>"; };
		BBC72194BFCDC43AE94CAA34 /* GuidedBoxCaptureSessionTests.swift */ = {isa = PBXFileReference; lastKnownFileType = sourcecode.swift; path = GuidedBoxCaptureSessionTests.swift; sourceTree = "<group>"; };
		C14B613C8CDA24C77CB2EDC9 /* DepthRegionSegmenterTests.swift */ = {isa = PBXFileReference; lastKnownFileType = sourcecode.swift; path = DepthRegionSegmenterTests.swift; sourceTree = "<group>"; };
		CB57A76391FA481635F4749F /* TargetLockTests.swift */ = {isa = PBXFileReference; lastKnownFileType = sourcecode.swift; path = TargetLockTests.swift; sourceTree = "<group>"; };
		CED5108414CFCAEB40DF57B3 /* MeasuredItem.swift */ = {isa = PBXFileReference; lastKnownFileType = sourcecode.swift; path = MeasuredItem.swift; sourceTree = "<group>"; };
		D1FD36B27E413AA99055CB3E /* TargetLock.swift */ = {isa = PBXFileReference; lastKnownFileType = sourcecode.swift; path = TargetLock.swift; sourceTree = "<group>"; };
		D1FDBE8DEE3F3C0C88A2B2D8 /* MeasurementEstimator.swift */ = {isa = PBXFileReference; lastKnownFileType = sourcecode.swift; path = MeasurementEstimator.swift; sourceTree = "<group>"; };
		D6C55F1052A5849E765D593B /* GuidedBoxMeasurement.swift */ = {isa = PBXFileReference; lastKnownFileType = sourcecode.swift; path = GuidedBoxMeasurement.swift; sourceTree = "<group>"; };
		DA64797949F43B846C4EDD69 /* SingleShotObjectMeasurement.swift */ = {isa = PBXFileReference; lastKnownFileType = sourcecode.swift; path = SingleShotObjectMeasurement.swift; sourceTree = "<group>"; };
		EFC2C247D8D005E9F20D3D31 /* ScannerTargetProjection.swift */ = {isa = PBXFileReference; lastKnownFileType = sourcecode.swift; path = ScannerTargetProjection.swift; sourceTree = "<group>"; };
		F1B053787D5054BAAEE243C1 /* AppModelInventoryTests.swift */ = {isa = PBXFileReference; lastKnownFileType = sourcecode.swift; path = AppModelInventoryTests.swift; sourceTree = "<group>"; };
/* End PBXFileReference section */

/* Begin PBXGroup section */
		0A60B85F9FCA05C8CFDB0E48 /* Scan */ = {
			isa = PBXGroup;
			children = (
				AFE446F73A1491E55F2738CE /* DepthRegionSegmenter.swift */,
				961BDEF98B3781473174BC5A /* GuidedBoxCaptureSession.swift */,
				D6C55F1052A5849E765D593B /* GuidedBoxMeasurement.swift */,
				6C32970059157769F21557D7 /* GuidedBoxWorkflow.swift */,
				790431810A5597537D5F330C /* PhotoObjectMeasurement.swift */,
				794FA5965F3F52912B316BA7 /* PhotoRigidItemMultiplicityGuard.swift */,
				EFC2C247D8D005E9F20D3D31 /* ScannerTargetProjection.swift */,
				DA64797949F43B846C4EDD69 /* SingleShotObjectMeasurement.swift */,
				D1FD36B27E413AA99055CB3E /* TargetLock.swift */,
				69219302EBBBE2A09187AD59 /* TargetLockFrameValidation.swift */,
			);
			path = Scan;
			sourceTree = "<group>";
		};
		18C0BEC3C24FEDD1348E55B2 /* Core */ = {
			isa = PBXGroup;
			children = (
				FC9EFD2DDADB849E2E799D52 /* Geometry */,
				A5654DC13CC521A5140A57D2 /* Packing */,
			);
			path = Core;
			sourceTree = "<group>";
		};
		1CA9A427545D50C3BDC80A39 /* Services */ = {
			isa = PBXGroup;
			children = (
				50D2EE7F2FC2C52291CB68A3 /* InventoryStore.swift */,
				D1FDBE8DEE3F3C0C88A2B2D8 /* MeasurementEstimator.swift */,
				5A6E5BC93C71F94AB333A1BF /* MeasurementMath.swift */,
			);
			path = Services;
			sourceTree = "<group>";
		};
		357F00626456922FCFC8A164 /* Scan */ = {
			isa = PBXGroup;
			children = (
				C14B613C8CDA24C77CB2EDC9 /* DepthRegionSegmenterTests.swift */,
				BBC72194BFCDC43AE94CAA34 /* GuidedBoxCaptureSessionTests.swift */,
				AE9A446CAB13BE0B780048E1 /* GuidedBoxMeasurementTests.swift */,
				1AA05B83704FCB14040623FB /* GuidedBoxWorkflowTests.swift */,
				53B7914EAEB1EDE13DA87022 /* PhotoObjectMeasurementTests.swift */,
				5E80BC43F70739A5A94D60D9 /* PhotoRigidItemMultiplicityGuardTests.swift */,
				35CC0B9C38D98D8F0A49EDD3 /* SingleShotObjectMeasurementTests.swift */,
				0C6E548E7BEE68145D8AF56D /* TargetLockFailureIntegrationTests.swift */,
				072DD19BDDC569526BD4D6C1 /* TargetLockFrameValidationTests.swift */,
				CB57A76391FA481635F4749F /* TargetLockTests.swift */,
				5349B6BAD5E7920E5A7ABE74 /* TargetSelectionIntegrationTests.swift */,
			);
			path = Scan;
			sourceTree = "<group>";
		};
		4089BD5673DEE233B6B9ADC4 /* UIInventory */ = {
			isa = PBXGroup;
			children = (
				F1B053787D5054BAAEE243C1 /* AppModelInventoryTests.swift */,
				35F790361B7F4DCB86144CDD /* CrowdedSceneScannerCopyTests.swift */,
				96CE46D4CD43343EBB49FF22 /* ManualEntryTests.swift */,
				87791FBEF3FF3863B53EF421 /* ScannerCapturePolicyTests.swift */,
			);
			path = UIInventory;
			sourceTree = "<group>";
		};
		4C0F5AB9E5ADAB3912678C6F /* PackMeasure */ = {
			isa = PBXGroup;
			children = (
				0CF21F67461D439CFC0A0C93 /* AppModel.swift */,
				B55DECA1C7432025218A0B8B /* Assets.xcassets */,
				720B306F033EEFA5D3D7BADE /* Info.plist */,
				4D518452488C8F3B0C8FACA8 /* PackMeasureApp.swift */,
				B9E081672C02985D42710156 /* RootPlaceholderView.swift */,
				18C0BEC3C24FEDD1348E55B2 /* Core */,
				53C23AC357E385BFD9880408 /* Models */,
				0A60B85F9FCA05C8CFDB0E48 /* Scan */,
				A1A2FB0C19A8C9441080CAD9 /* Scanner */,
				1CA9A427545D50C3BDC80A39 /* Services */,
				92321A6F7CF1557396C99898 /* UI */,
			);
			path = PackMeasure;
			sourceTree = "<group>";
		};
		4FC4F5428EF6EA60EC07B112 /* Products */ = {
			isa = PBXGroup;
			children = (
				52BB0CB149BC91BF0DCF45E5 /* PackMeasure.app */,
				5ED8ABA37AF0157830862257 /* PackMeasureTests.xctest */,
			);
			name = Products;
			sourceTree = "<group>";
		};
		53C23AC357E385BFD9880408 /* Models */ = {
			isa = PBXGroup;
			children = (
				CED5108414CFCAEB40DF57B3 /* MeasuredItem.swift */,
			);
			path = Models;
			sourceTree = "<group>";
		};
		5E257FE4DB6F6AA6C43111A4 /* Scanner */ = {
			isa = PBXGroup;
			children = (
				0BEC26224D7E1CD00B41CDF5 /* MeasurementEstimatorTests.swift */,
				5EF900F501945DF4F2CBD830 /* ScannerCameraZoomTests.swift */,
			);
			path = Scanner;
			sourceTree = "<group>";
		};
		6E6C31B73D24A42EC83E3A21 = {
			isa = PBXGroup;
			children = (
				4C0F5AB9E5ADAB3912678C6F /* PackMeasure */,
				8A99611CA21A769C0B3410A5 /* PackMeasureTests */,
				4FC4F5428EF6EA60EC07B112 /* Products */,
			);
			sourceTree = "<group>";
		};
		8A99611CA21A769C0B3410A5 /* PackMeasureTests */ = {
			isa = PBXGroup;
			children = (
				A95C05B5C8AAFBFBE93F5F88 /* PackMeasureTests.swift */,
				EF55120B79DC16D1E08DDA9F /* Geometry */,
				ED5EA5D42E70F1ED10BB220C /* Packing */,
				357F00626456922FCFC8A164 /* Scan */,
				5E257FE4DB6F6AA6C43111A4 /* Scanner */,
				4089BD5673DEE233B6B9ADC4 /* UIInventory */,
			);
			path = PackMeasureTests;
			sourceTree = "<group>";
		};
		92321A6F7CF1557396C99898 /* UI */ = {
			isa = PBXGroup;
			children = (
				77EE721A9A7420432B19066B /* HomeView.swift */,
				3D4A5310F76E7632DEA4C529 /* ManualEntryView.swift */,
				84DFB60E2C6A4BA85E8C1AA0 /* ScannerSheetView.swift */,
			);
			path = UI;
			sourceTree = "<group>";
		};
		A1A2FB0C19A8C9441080CAD9 /* Scanner */ = {
			isa = PBXGroup;
			children = (
				A913CFFAAADC0687F83660C2 /* MeasurementARView.swift */,
			);
			path = Scanner;
			sourceTree = "<group>";
		};
		A5654DC13CC521A5140A57D2 /* Packing */ = {
			isa = PBXGroup;
			children = (
				6E12DBF221D2E3F67479FE70 /* PackingModels.swift */,
				ACE91F472F72AC07FEC8432F /* PackingPlanner.swift */,
				0037980CC25246BD96274DD7 /* PackingVehicles.swift */,
			);
			path = Packing;
			sourceTree = "<group>";
		};
		ED5EA5D42E70F1ED10BB220C /* Packing */ = {
			isa = PBXGroup;
			children = (
				3E719F590D3FE9941D195518 /* PackingPlannerTests.swift */,
			);
			path = Packing;
			sourceTree = "<group>";
		};
		EF55120B79DC16D1E08DDA9F /* Geometry */ = {
			isa = PBXGroup;
			children = (
				01DA76636D28E2A195DBE9FC /* GravityAlignedBoundingBoxEstimatorTests.swift */,
			);
			path = Geometry;
			sourceTree = "<group>";
		};
		FC9EFD2DDADB849E2E799D52 /* Geometry */ = {
			isa = PBXGroup;
			children = (
				5E7680F43D417158C818E786 /* GeometryModels.swift */,
				217FC74C59206B041DFB1042 /* GravityAlignedBoundingBoxEstimator.swift */,
			);
			path = Geometry;
			sourceTree = "<group>";
		};
/* End PBXGroup section */

/* Begin PBXNativeTarget section */
		A7F71C84CC6B097693872246 /* PackMeasure */ = {
			isa = PBXNativeTarget;
			buildConfigurationList = 56101086F0327423BE634C1E /* Build configuration list for PBXNativeTarget "PackMeasure" */;
			buildPhases = (
				33DE5B03DC313102838743D1 /* Sources */,
				D08DCE813411EFAA02AFFBFA /* Resources */,
			);
			buildRules = (
			);
			dependencies = (
			);
			name = PackMeasure;
			packageProductDependencies = (
			);
			productName = PackMeasure;
			productReference = 52BB0CB149BC91BF0DCF45E5 /* PackMeasure.app */;
			productType = "com.apple.product-type.application";
		};
		E19486109CAC1284B0ED3103 /* PackMeasureTests */ = {
			isa = PBXNativeTarget;
			buildConfigurationList = 167E6E34203813DA32148AA6 /* Build configuration list for PBXNativeTarget "PackMeasureTests" */;
			buildPhases = (
				CA81DB270E3513D17D3082E3 /* Sources */,
			);
			buildRules = (
			);
			dependencies = (
				764D0E026D708A3436BAD1F9 /* PBXTargetDependency */,
			);
			name = PackMeasureTests;
			packageProductDependencies = (
			);
			productName = PackMeasureTests;
			productReference = 5ED8ABA37AF0157830862257 /* PackMeasureTests.xctest */;
			productType = "com.apple.product-type.bundle.unit-test";
		};
/* End PBXNativeTarget section */

/* Begin PBXProject section */
		BA02E56820D98FFEBDC69250 /* Project object */ = {
			isa = PBXProject;
			attributes = {
				BuildIndependentTargetsInParallel = YES;
				LastUpgradeCheck = 2700;
				TargetAttributes = {
					A7F71C84CC6B097693872246 = {
						ProvisioningStyle = Automatic;
					};
					E19486109CAC1284B0ED3103 = {
						ProvisioningStyle = Automatic;
					};
				};
			};
			buildConfigurationList = C7828C1D9F8E860C792F06CC /* Build configuration list for PBXProject "PackMeasure" */;
			developmentRegion = en;
			hasScannedForEncodings = 0;
			knownRegions = (
				Base,
				en,
			);
			mainGroup = 6E6C31B73D24A42EC83E3A21;
			minimizedProjectReferenceProxies = 1;
			preferredProjectObjectVersion = 77;
			productRefGroup = 4FC4F5428EF6EA60EC07B112 /* Products */;
			projectDirPath = "";
			projectRoot = "";
			targets = (
				A7F71C84CC6B097693872246 /* PackMeasure */,
				E19486109CAC1284B0ED3103 /* PackMeasureTests */,
			);
		};
/* End PBXProject section */

/* Begin PBXResourcesBuildPhase section */
		D08DCE813411EFAA02AFFBFA /* Resources */ = {
			isa = PBXResourcesBuildPhase;
			buildActionMask = 2147483647;
			files = (
				6F4851E6263801CC3EE55EB6 /* Assets.xcassets in Resources */,
			);
			runOnlyForDeploymentPostprocessing = 0;
		};
/* End PBXResourcesBuildPhase section */

/* Begin PBXSourcesBuildPhase section */
		33DE5B03DC313102838743D1 /* Sources */ = {
			isa = PBXSourcesBuildPhase;
			buildActionMask = 2147483647;
			files = (
				5E9AA3639748D36667D1C43C /* AppModel.swift in Sources */,
				36DBA15AB0F050325DAEABCF /* DepthRegionSegmenter.swift in Sources */,
				B39AADAB17187469145C4D4A /* GeometryModels.swift in Sources */,
				B4AD52C415CCBB88280E366C /* GravityAlignedBoundingBoxEstimator.swift in Sources */,
				90F793A156AD8C3BCCD46175 /* GuidedBoxCaptureSession.swift in Sources */,
				91AD755F1BCD2E4F9302040A /* GuidedBoxMeasurement.swift in Sources */,
				649D27BD2AC2B2A76BE517DC /* GuidedBoxWorkflow.swift in Sources */,
				8AD56996B4FAC128B09E64BA /* HomeView.swift in Sources */,
				FEF5BA8AADA1DCA7C9A86C38 /* InventoryStore.swift in Sources */,
				0C12718BED3478DDF2846719 /* ManualEntryView.swift in Sources */,
				C8136BC099CE8509D7A85305 /* MeasuredItem.swift in Sources */,
				FECF4963AE2114674A0CC66B /* MeasurementARView.swift in Sources */,
				72B2BD9B3F2229A3E60FD7C9 /* MeasurementEstimator.swift in Sources */,
				5108F38EA742072EDA5538BB /* MeasurementMath.swift in Sources */,
				9ACAC0C2DE532E56CF9C8912 /* PackMeasureApp.swift in Sources */,
				F78E0F38BDC44E3CBE11ABC5 /* PackingModels.swift in Sources */,
				53E91AADA18D60E722530171 /* PackingPlanner.swift in Sources */,
				DFC589F73318DFDF2A834553 /* PackingVehicles.swift in Sources */,
				5F68845EACD6F3268807135E /* PhotoObjectMeasurement.swift in Sources */,
				13855B2BFED482DBF1472A02 /* PhotoRigidItemMultiplicityGuard.swift in Sources */,
				C65D41867508C7250DFFCF99 /* RootPlaceholderView.swift in Sources */,
				505B39CB31D0CC5449424178 /* ScannerSheetView.swift in Sources */,
				5EB0FD3A212C404E7D6765E7 /* ScannerTargetProjection.swift in Sources */,
				AFA54B21D376DF7B453E6AA6 /* SingleShotObjectMeasurement.swift in Sources */,
				0998BB49CF34380BDAAFF37E /* TargetLock.swift in Sources */,
				0A2EDE96AA8A58C7E6E2F0A0 /* TargetLockFrameValidation.swift in Sources */,
			);
			runOnlyForDeploymentPostprocessing = 0;
		};
		CA81DB270E3513D17D3082E3 /* Sources */ = {
			isa = PBXSourcesBuildPhase;
			buildActionMask = 2147483647;
			files = (
				63ED8F2D2AA20E138544E34C /* AppModelInventoryTests.swift in Sources */,
				23B04DCD21AD16AA858727A7 /* CrowdedSceneScannerCopyTests.swift in Sources */,
				CC0218C6FD04167826F2EDC3 /* DepthRegionSegmenterTests.swift in Sources */,
				30BBD6FD335F3F0136F0B5BE /* GravityAlignedBoundingBoxEstimatorTests.swift in Sources */,
				BE270DB88FCD1C7E7E0D8E55 /* GuidedBoxCaptureSessionTests.swift in Sources */,
				0141497F0D32BC05C8BB0091 /* GuidedBoxMeasurementTests.swift in Sources */,
				9D2E80DD19A13FA9C3143DC2 /* GuidedBoxWorkflowTests.swift in Sources */,
				9BEDDCCAB0B572616A1BE54E /* ManualEntryTests.swift in Sources */,
				09B7FEF948AAD6D288F89342 /* MeasurementEstimatorTests.swift in Sources */,
				3D0B36D28510CAD37D056EE5 /* PackMeasureTests.swift in Sources */,
				E481A09E4252F3209E588661 /* PackingPlannerTests.swift in Sources */,
				42AD551A4A6F786DDA2A25F6 /* PhotoObjectMeasurementTests.swift in Sources */,
				7209CA6F8F01E61291C59272 /* PhotoRigidItemMultiplicityGuardTests.swift in Sources */,
				948887BBF3D249A4522DDB48 /* ScannerCameraZoomTests.swift in Sources */,
				5E0B34A313A28EA94D945649 /* ScannerCapturePolicyTests.swift in Sources */,
				9C825739E009739E0C6D92F7 /* SingleShotObjectMeasurementTests.swift in Sources */,
				24CD468E2F570CF8B84E5789 /* TargetLockFailureIntegrationTests.swift in Sources */,
				A720D5AAF27EB5F337F4A187 /* TargetLockFrameValidationTests.swift in Sources */,
				87759A4113E1DE288FDD8AB7 /* TargetLockTests.swift in Sources */,
				3A924383405EB0C753BF58A1 /* TargetSelectionIntegrationTests.swift in Sources */,
			);
			runOnlyForDeploymentPostprocessing = 0;
		};
/* End PBXSourcesBuildPhase section */

/* Begin PBXTargetDependency section */
		764D0E026D708A3436BAD1F9 /* PBXTargetDependency */ = {
			isa = PBXTargetDependency;
			target = A7F71C84CC6B097693872246 /* PackMeasure */;
			targetProxy = A35D99625D88FF8EA9DD1DBB /* PBXContainerItemProxy */;
		};
/* End PBXTargetDependency section */

/* Begin XCBuildConfiguration section */
		094633E82853913228CEACB5 /* Release */ = {
			isa = XCBuildConfiguration;
			buildSettings = {
				ASSETCATALOG_COMPILER_APPICON_NAME = AppIcon;
				ASSETCATALOG_COMPILER_GLOBAL_ACCENT_COLOR_NAME = AccentColor;
				CODE_SIGN_IDENTITY = "iPhone Developer";
				INFOPLIST_FILE = PackMeasure/Info.plist;
				LD_RUNPATH_SEARCH_PATHS = (
					"$(inherited)",
					"@executable_path/Frameworks",
				);
				PRODUCT_BUNDLE_IDENTIFIER = org.example.PackMeasure;
				PRODUCT_NAME = PackMeasure;
				SDKROOT = iphoneos;
				SUPPORTS_MACCATALYST = NO;
				TARGETED_DEVICE_FAMILY = 1;
			};
			name = Release;
		};
		649AFBC59F0F007821CBF800 /* Debug */ = {
			isa = XCBuildConfiguration;
			buildSettings = {
				ASSETCATALOG_COMPILER_APPICON_NAME = AppIcon;
				ASSETCATALOG_COMPILER_GLOBAL_ACCENT_COLOR_NAME = AccentColor;
				CODE_SIGN_IDENTITY = "iPhone Developer";
				INFOPLIST_FILE = PackMeasure/Info.plist;
				LD_RUNPATH_SEARCH_PATHS = (
					"$(inherited)",
					"@executable_path/Frameworks",
				);
				PRODUCT_BUNDLE_IDENTIFIER = org.example.PackMeasure;
				PRODUCT_NAME = PackMeasure;
				SDKROOT = iphoneos;
				SUPPORTS_MACCATALYST = NO;
				TARGETED_DEVICE_FAMILY = 1;
			};
			name = Debug;
		};
		6DD018E93FA721A5178811C9 /* Release */ = {
			isa = XCBuildConfiguration;
			buildSettings = {
				ALWAYS_SEARCH_USER_PATHS = NO;
				CLANG_ANALYZER_NONNULL = YES;
				CLANG_ANALYZER_NUMBER_OBJECT_CONVERSION = YES_AGGRESSIVE;
				CLANG_CXX_LANGUAGE_STANDARD = "gnu++14";
				CLANG_CXX_LIBRARY = "libc++";
				CLANG_ENABLE_MODULES = YES;
				CLANG_ENABLE_OBJC_ARC = YES;
				CLANG_ENABLE_OBJC_WEAK = YES;
				CLANG_WARN_BLOCK_CAPTURE_AUTORELEASING = YES;
				CLANG_WARN_BOOL_CONVERSION = YES;
				CLANG_WARN_COMMA = YES;
				CLANG_WARN_CONSTANT_CONVERSION = YES;
				CLANG_WARN_DEPRECATED_OBJC_IMPLEMENTATIONS = YES;
				CLANG_WARN_DIRECT_OBJC_ISA_USAGE = YES_ERROR;
				CLANG_WARN_DOCUMENTATION_COMMENTS = YES;
				CLANG_WARN_EMPTY_BODY = YES;
				CLANG_WARN_ENUM_CONVERSION = YES;
				CLANG_WARN_INFINITE_RECURSION = YES;
				CLANG_WARN_INT_CONVERSION = YES;
				CLANG_WARN_NON_LITERAL_NULL_CONVERSION = YES;
				CLANG_WARN_OBJC_IMPLICIT_RETAIN_SELF = YES;
				CLANG_WARN_OBJC_LITERAL_CONVERSION = YES;
				CLANG_WARN_OBJC_ROOT_CLASS = YES_ERROR;
				CLANG_WARN_QUOTED_INCLUDE_IN_FRAMEWORK_HEADER = YES;
				CLANG_WARN_RANGE_LOOP_ANALYSIS = YES;
				CLANG_WARN_STRICT_PROTOTYPES = YES;
				CLANG_WARN_SUSPICIOUS_MOVE = YES;
				CLANG_WARN_UNGUARDED_AVAILABILITY = YES_AGGRESSIVE;
				CLANG_WARN_UNREACHABLE_CODE = YES;
				CLANG_WARN__DUPLICATE_METHOD_MATCH = YES;
				CODE_SIGN_STYLE = Automatic;
				COPY_PHASE_STRIP = NO;
				CURRENT_PROJECT_VERSION = 23;
				DEBUG_INFORMATION_FORMAT = "dwarf-with-dsym";
				ENABLE_NS_ASSERTIONS = NO;
				ENABLE_STRICT_OBJC_MSGSEND = YES;
				GCC_C_LANGUAGE_STANDARD = gnu11;
				GCC_NO_COMMON_BLOCKS = YES;
				GCC_WARN_64_TO_32_BIT_CONVERSION = YES;
				GCC_WARN_ABOUT_RETURN_TYPE = YES_ERROR;
				GCC_WARN_UNDECLARED_SELECTOR = YES;
				GCC_WARN_UNINITIALIZED_AUTOS = YES_AGGRESSIVE;
				GCC_WARN_UNUSED_FUNCTION = YES;
				GCC_WARN_UNUSED_VARIABLE = YES;
				IPHONEOS_DEPLOYMENT_TARGET = 18.0;
				MARKETING_VERSION = 0.2.0;
				MTL_ENABLE_DEBUG_INFO = NO;
				MTL_FAST_MATH = YES;
				PRODUCT_NAME = "$(TARGET_NAME)";
				SDKROOT = iphoneos;
				SWIFT_COMPILATION_MODE = wholemodule;
				SWIFT_OPTIMIZATION_LEVEL = "-O";
				SWIFT_VERSION = 6.0;
			};
			name = Release;
		};
		7FF55CB9D3595F675FB9CBD8 /* Release */ = {
			isa = XCBuildConfiguration;
			buildSettings = {
				BUNDLE_LOADER = "$(TEST_HOST)";
				GENERATE_INFOPLIST_FILE = YES;
				LD_RUNPATH_SEARCH_PATHS = (
					"$(inherited)",
					"@executable_path/Frameworks",
					"@loader_path/Frameworks",
				);
				PRODUCT_BUNDLE_IDENTIFIER = org.example.PackMeasureTests;
				SDKROOT = iphoneos;
				TARGETED_DEVICE_FAMILY = 1;
				TEST_HOST = "$(BUILT_PRODUCTS_DIR)/PackMeasure.app/PackMeasure";
			};
			name = Release;
		};
		8E93D98526FDC7E58EF0885D /* Debug */ = {
			isa = XCBuildConfiguration;
			buildSettings = {
				BUNDLE_LOADER = "$(TEST_HOST)";
				GENERATE_INFOPLIST_FILE = YES;
				LD_RUNPATH_SEARCH_PATHS = (
					"$(inherited)",
					"@executable_path/Frameworks",
					"@loader_path/Frameworks",
				);
				PRODUCT_BUNDLE_IDENTIFIER = org.example.PackMeasureTests;
				SDKROOT = iphoneos;
				TARGETED_DEVICE_FAMILY = 1;
				TEST_HOST = "$(BUILT_PRODUCTS_DIR)/PackMeasure.app/PackMeasure";
			};
			name = Debug;
		};
		DE2CFD945E6BEB8A51BAB0EE /* Debug */ = {
			isa = XCBuildConfiguration;
			buildSettings = {
				ALWAYS_SEARCH_USER_PATHS = NO;
				CLANG_ANALYZER_NONNULL = YES;
				CLANG_ANALYZER_NUMBER_OBJECT_CONVERSION = YES_AGGRESSIVE;
				CLANG_CXX_LANGUAGE_STANDARD = "gnu++14";
				CLANG_CXX_LIBRARY = "libc++";
				CLANG_ENABLE_MODULES = YES;
				CLANG_ENABLE_OBJC_ARC = YES;
				CLANG_ENABLE_OBJC_WEAK = YES;
				CLANG_WARN_BLOCK_CAPTURE_AUTORELEASING = YES;
				CLANG_WARN_BOOL_CONVERSION = YES;
				CLANG_WARN_COMMA = YES;
				CLANG_WARN_CONSTANT_CONVERSION = YES;
				CLANG_WARN_DEPRECATED_OBJC_IMPLEMENTATIONS = YES;
				CLANG_WARN_DIRECT_OBJC_ISA_USAGE = YES_ERROR;
				CLANG_WARN_DOCUMENTATION_COMMENTS = YES;
				CLANG_WARN_EMPTY_BODY = YES;
				CLANG_WARN_ENUM_CONVERSION = YES;
				CLANG_WARN_INFINITE_RECURSION = YES;
				CLANG_WARN_INT_CONVERSION = YES;
				CLANG_WARN_NON_LITERAL_NULL_CONVERSION = YES;
				CLANG_WARN_OBJC_IMPLICIT_RETAIN_SELF = YES;
				CLANG_WARN_OBJC_LITERAL_CONVERSION = YES;
				CLANG_WARN_OBJC_ROOT_CLASS = YES_ERROR;
				CLANG_WARN_QUOTED_INCLUDE_IN_FRAMEWORK_HEADER = YES;
				CLANG_WARN_RANGE_LOOP_ANALYSIS = YES;
				CLANG_WARN_STRICT_PROTOTYPES = YES;
				CLANG_WARN_SUSPICIOUS_MOVE = YES;
				CLANG_WARN_UNGUARDED_AVAILABILITY = YES_AGGRESSIVE;
				CLANG_WARN_UNREACHABLE_CODE = YES;
				CLANG_WARN__DUPLICATE_METHOD_MATCH = YES;
				CODE_SIGN_STYLE = Automatic;
				COPY_PHASE_STRIP = NO;
				CURRENT_PROJECT_VERSION = 23;
				DEBUG_INFORMATION_FORMAT = dwarf;
				ENABLE_STRICT_OBJC_MSGSEND = YES;
				ENABLE_TESTABILITY = YES;
				GCC_C_LANGUAGE_STANDARD = gnu11;
				GCC_DYNAMIC_NO_PIC = NO;
				GCC_NO_COMMON_BLOCKS = YES;
				GCC_OPTIMIZATION_LEVEL = 0;
				GCC_PREPROCESSOR_DEFINITIONS = (
					"$(inherited)",
					"DEBUG=1",
				);
				GCC_WARN_64_TO_32_BIT_CONVERSION = YES;
				GCC_WARN_ABOUT_RETURN_TYPE = YES_ERROR;
				GCC_WARN_UNDECLARED_SELECTOR = YES;
				GCC_WARN_UNINITIALIZED_AUTOS = YES_AGGRESSIVE;
				GCC_WARN_UNUSED_FUNCTION = YES;
				GCC_WARN_UNUSED_VARIABLE = YES;
				IPHONEOS_DEPLOYMENT_TARGET = 18.0;
				MARKETING_VERSION = 0.2.0;
				MTL_ENABLE_DEBUG_INFO = INCLUDE_SOURCE;
				MTL_FAST_MATH = YES;
				ONLY_ACTIVE_ARCH = YES;
				PRODUCT_NAME = "$(TARGET_NAME)";
				SDKROOT = iphoneos;
				SWIFT_ACTIVE_COMPILATION_CONDITIONS = DEBUG;
				SWIFT_OPTIMIZATION_LEVEL = "-Onone";
				SWIFT_VERSION = 6.0;
			};
			name = Debug;
		};
/* End XCBuildConfiguration section */

/* Begin XCConfigurationList section */
		167E6E34203813DA32148AA6 /* Build configuration list for PBXNativeTarget "PackMeasureTests" */ = {
			isa = XCConfigurationList;
			buildConfigurations = (
				8E93D98526FDC7E58EF0885D /* Debug */,
				7FF55CB9D3595F675FB9CBD8 /* Release */,
			);
			defaultConfigurationIsVisible = 0;
			defaultConfigurationName = Debug;
		};
		56101086F0327423BE634C1E /* Build configuration list for PBXNativeTarget "PackMeasure" */ = {
			isa = XCConfigurationList;
			buildConfigurations = (
				649AFBC59F0F007821CBF800 /* Debug */,
				094633E82853913228CEACB5 /* Release */,
			);
			defaultConfigurationIsVisible = 0;
			defaultConfigurationName = Debug;
		};
		C7828C1D9F8E860C792F06CC /* Build configuration list for PBXProject "PackMeasure" */ = {
			isa = XCConfigurationList;
			buildConfigurations = (
				DE2CFD945E6BEB8A51BAB0EE /* Debug */,
				6DD018E93FA721A5178811C9 /* Release */,
			);
			defaultConfigurationIsVisible = 0;
			defaultConfigurationName = Debug;
		};
/* End XCConfigurationList section */
	};
	rootObject = BA02E56820D98FFEBDC69250 /* Project object */;
}
